
Microsoft Visual Studio Solution File, Format Version 12.00
# Visual Studio Version 16
VisualStudioVersion = 16.0.30907.101
MinimumVisualStudioVersion = 10.0.40219.1
Project("{FAE04EC0-301F-11D3-BF4B-00C04F79EFBC}") = "payapi", "payapi\payapi.csproj", "{CD8FB774-39E8-4EFF-9DBB-0D6AD9DBEB55}"
EndProject
Global
	GlobalSection(SolutionConfigurationPlatforms) = preSolution
		Debug|Any CPU = Debug|Any CPU
		Release|Any CPU = Release|Any CPU
	EndGlobalSection
	GlobalSection(ProjectConfigurationPlatforms) = postSolution
		{CD8FB774-39E8-4EFF-9DBB-0D6AD9DBEB55}.Debug|Any CPU.ActiveCfg = Debug|Any CPU
		{CD8FB774-39E8-4EFF-9DBB-0D6AD9DBEB55}.Debug|Any CPU.Build.0 = Debug|Any CPU
		{CD8FB774-39E8-4EFF-9DBB-0D6AD9DBEB55}.Release|Any CPU.ActiveCfg = Release|Any CPU
		{CD8FB774-39E8-4EFF-9DBB-0D6AD9DBEB55}.Release|Any CPU.Build.0 = Release|Any CPU
	EndGlobalSection
	GlobalSection(SolutionProperties) = preSolution
		HideSolutionNode = FALSE
	EndGlobalSection
	GlobalSection(ExtensibilityGlobals) = postSolution
		SolutionGuid = {B129413D-E6D2-4E44-95F1-3579991025E9}
	EndGlobalSection
EndGlobal
